{
  "name": "UML",
  "lockfileVersion": 3,
  "requires": true,
  "packages": {
    "": {
      "dependencies": {
        "gojs": "^3.0.16"
      }
    },
    "node_modules/gojs": {
      "version": "3.0.16",
      "resolved": "https://registry.npmjs.org/gojs/-/gojs-3.0.16.tgz",
      "integrity": "sha512-eiKaRbOl+4Z8HKHqNH9EGwd5q/8+2O3dxOTN0m9Xdzzrnff7g8BKD6zOahDa8XDZehWISYtLjfRBvUTo+lhggw==",
      "license": "SEE LICENSE IN license.html"
    }
  }
}
